github.com/golang-jwt/jwt/v4 v4.3.0 h1:kHL1vqdqWNfATmA0FNMdmZNMyZI1U6O31X4rlIPoBog=
github.com/golang-jwt/jwt/v4 v4.3.0/go.mod h1:/xlHOz8bRuivTWchD4jCa+NbatV+wEUSzwAxVc6locg=
github.com/gorilla/websocket v1.5.0 h1:PPwGk2jz7EePpoHN/+ClbZu8SPxiqlu12wZP/3sWmnc=
github.com/gorilla/websocket v1.5.0/go.mod h1:YR8l580nyteQvAITg2hZ9XVh4b55+EU/adAjf1fMHhE=
github.com/lib/pq v1.10.4 h1:SO9z7FRPzA03QhHKJrH5BXA6HU1rS4V2nIVrrNC1iYk=
github.com/lib/pq v1.10.4/go.mod h1:AlVN5x4E4T544tWzH6hKfbfQvm3HdbOxrmggDNAPY9o=
golang.org/x/crypto v0.0.0-20220315160706-3147a52a75dd h1:XcWmESyNjXJMLahc3mqVQJcgSTDxFxhETVlfk9uGc38=
golang.org/x/crypto v0.0.0-20220315160706-3147a52a75dd/go.mod h1:IxCIyHEi3zRg3s0A5j5BB6A9Jmi73HwBIUl50j+osU4=
golang.org/x/mod v0.5.1 h1:OJxoQ/rynoF0dcCdI7cLPktw/hR2cueqYfjm43oqK38=
golang.org/x/mod v0.5.1/go.mod h1:5OXOZSfqPIIbmVBIIKWRFfZjPR0E5r58TLhUjH0a2Ro=
golang.org/x/sys v0.0.0-20211019181941-9d821ace8654 h1:id054HUawV2/6IGm2IV8KZQjqtwAOo2CYlOToYqa0d0=
golang.org/x/sys v0.0.0-20211019181941-9d821ace8654/go.mod h1:oPkhp1MJrh7nUepCBck5+mAzfO9JrbApNNgaTdGDITg=
golang.org/x/tools v0.1.8 h1:P1HhGGuLW4aAclzjtmJdf0mJOjVUZUzOTqkAkWL+l6w=
golang.org/x/tools v0.1.8/go.mod h1:nABZi5QlRsZVlzPpHl034qft6wpY4eDcsTt5AaioBiU=
golang.org/x/xerrors v0.0.0-20200804184101-5ec99f83aff1 h1:go1bK/D/BFZV2I8cIQd1NKEZ+0owSTG1fDTci4IqFcE=
golang.org/x/xerrors v0.0.0-20200804184101-5ec99f83aff1/go.mod h1:I/5z698sn9Ka8TeJc9MKroUUfqBBauWjQqLJ2OPfmY0=
